
Microsoft Visual Studio Solution File, Format Version 12.00
# Visual Studio 2012
Project("{FAE04EC0-301F-11D3-BF4B-00C04F79EFBC}") = "Chel", "Chel\Chel.csproj", "{A024F1CE-FBDD-4074-B367-CA9169F91B84}"
EndProject
Global
	GlobalSection(SolutionConfigurationPlatforms) = preSolution
		Debug|Any CPU = Debug|Any CPU
		Release|Any CPU = Release|Any CPU
	EndGlobalSection
	GlobalSection(ProjectConfigurationPlatforms) = postSolution
		{A024F1CE-FBDD-4074-B367-CA9169F91B84}.Debug|Any CPU.ActiveCfg = Debug|Any CPU
		{A024F1CE-FBDD-4074-B367-CA9169F91B84}.Debug|Any CPU.Build.0 = Debug|Any CPU
		{A024F1CE-FBDD-4074-B367-CA9169F91B84}.Release|Any CPU.ActiveCfg = Release|Any CPU
		{A024F1CE-FBDD-4074-B367-CA9169F91B84}.Release|Any CPU.Build.0 = Release|Any CPU
	EndGlobalSection
	GlobalSection(SolutionProperties) = preSolution
		HideSolutionNode = FALSE
	EndGlobalSection
EndGlobal
